{
  "version": 4,
  "terraform_version": "0.12.19",
  "serial": 39,
  "lineage": "e909cd7d-7d24-977d-a17a-78ecdb43b477",
  "outputs": {},
  "resources": [
    {
      "mode": "managed",
      "type": "aws_eip",
      "name": "eip-1",
      "provider": "provider.aws",
      "instances": [
        {
          "schema_version": 0,
          "attributes": {
            "allocation_id": null,
            "associate_with_private_ip": null,
            "association_id": "eipassoc-061c8bf37aa9934e0",
            "domain": "vpc",
            "id": "eipalloc-0429b1d57d1d778ef",
            "instance": "",
            "network_interface": "eni-0495968a12827804b",
            "private_dns": "ip-10-0-1-244.eu-west-1.compute.internal",
            "private_ip": "10.0.1.244",
            "public_dns": "ec2-52-214-92-86.eu-west-1.compute.amazonaws.com",
            "public_ip": "52.214.92.86",
            "public_ipv4_pool": "amazon",
            "tags": {
              "Name": "eip-1"
            },
            "timeouts": null,
            "vpc": true
          },
          "private": "eyJlMmJmYjczMC1lY2FhLTExZTYtOGY4OC0zNDM2M2JjN2M0YzAiOnsiZGVsZXRlIjoxODAwMDAwMDAwMDAsInJlYWQiOjkwMDAwMDAwMDAwMCwidXBkYXRlIjozMDAwMDAwMDAwMDB9fQ=="
        }
      ]
    },
    {
      "mode": "managed",
      "type": "aws_eip",
      "name": "eip-2",
      "provider": "provider.aws",
      "instances": [
        {
          "schema_version": 0,
          "attributes": {
            "allocation_id": null,
            "associate_with_private_ip": null,
            "association_id": "eipassoc-00764472b10abddcf",
            "domain": "vpc",
            "id": "eipalloc-0264feb7ace506195",
            "instance": "",
            "network_interface": "eni-0b65f1f9363bdd745",
            "private_dns": "ip-10-0-3-111.eu-west-1.compute.internal",
            "private_ip": "10.0.3.111",
            "public_dns": "ec2-18-202-97-163.eu-west-1.compute.amazonaws.com",
            "public_ip": "18.202.97.163",
            "public_ipv4_pool": "amazon",
            "tags": {
              "Name": "eip-2"
            },
            "timeouts": null,
            "vpc": true
          },
          "private": "eyJlMmJmYjczMC1lY2FhLTExZTYtOGY4OC0zNDM2M2JjN2M0YzAiOnsiZGVsZXRlIjoxODAwMDAwMDAwMDAsInJlYWQiOjkwMDAwMDAwMDAwMCwidXBkYXRlIjozMDAwMDAwMDAwMDB9fQ=="
        }
      ]
    },
    {
      "mode": "managed",
      "type": "aws_internet_gateway",
      "name": "lavantru-ig",
      "provider": "provider.aws",
      "instances": [
        {
          "schema_version": 0,
          "attributes": {
            "id": "igw-01b1a59ef6427edd5",
            "owner_id": "052960627260",
            "tags": {
              "Name": "lavantru-ig"
            },
            "vpc_id": "vpc-099b225dd1517b324"
          },
          "private": "bnVsbA==",
          "dependencies": [
            "aws_vpc.main"
          ]
        }
      ]
    },
    {
      "mode": "managed",
      "type": "aws_nat_gateway",
      "name": "nat-e1a",
      "provider": "provider.aws",
      "instances": [
        {
          "schema_version": 0,
          "attributes": {
            "allocation_id": "eipalloc-0429b1d57d1d778ef",
            "id": "nat-02ddd00192c8db0dd",
            "network_interface_id": "eni-0495968a12827804b",
            "private_ip": "10.0.1.244",
            "public_ip": "52.214.92.86",
            "subnet_id": "subnet-0d3b5b8342f31466d",
            "tags": {
              "Name": "nat-e1a"
            }
          },
          "private": "bnVsbA==",
          "dependencies": [
            "aws_eip.eip-1",
            "aws_subnet.subnet1"
          ]
        }
      ]
    },
    {
      "mode": "managed",
      "type": "aws_nat_gateway",
      "name": "nat-e1b",
      "provider": "provider.aws",
      "instances": [
        {
          "schema_version": 0,
          "attributes": {
            "allocation_id": "eipalloc-0264feb7ace506195",
            "id": "nat-0d2989d72f37326bb",
            "network_interface_id": "eni-0b65f1f9363bdd745",
            "private_ip": "10.0.3.111",
            "public_ip": "18.202.97.163",
            "subnet_id": "subnet-0bf65a9e055ed6c84",
            "tags": {
              "Name": "nat-e1b"
            }
          },
          "private": "bnVsbA==",
          "dependencies": [
            "aws_eip.eip-2",
            "aws_subnet.subnet3"
          ]
        }
      ]
    },
    {
      "mode": "managed",
      "type": "aws_route_table",
      "name": "ig-rt",
      "provider": "provider.aws",
      "instances": [
        {
          "schema_version": 0,
          "attributes": {
            "id": "rtb-0e4448f080e7245b7",
            "owner_id": "052960627260",
            "propagating_vgws": [],
            "route": [
              {
                "cidr_block": "0.0.0.0/0",
                "egress_only_gateway_id": "",
                "gateway_id": "igw-01b1a59ef6427edd5",
                "instance_id": "",
                "ipv6_cidr_block": "",
                "nat_gateway_id": "",
                "network_interface_id": "",
                "transit_gateway_id": "",
                "vpc_peering_connection_id": ""
              }
            ],
            "tags": {
              "Name": "ig-rt"
            },
            "vpc_id": "vpc-099b225dd1517b324"
          },
          "private": "bnVsbA==",
          "dependencies": [
            "aws_internet_gateway.lavantru-ig",
            "aws_vpc.main"
          ]
        }
      ]
    },
    {
      "mode": "managed",
      "type": "aws_route_table_association",
      "name": "assoc1",
      "provider": "provider.aws",
      "instances": [
        {
          "schema_version": 0,
          "attributes": {
            "gateway_id": null,
            "id": "rtbassoc-0abb1116c3e1e6047",
            "route_table_id": "rtb-0e4448f080e7245b7",
            "subnet_id": "subnet-0d3b5b8342f31466d"
          },
          "private": "bnVsbA==",
          "dependencies": [
            "aws_internet_gateway.lavantru-ig",
            "aws_route_table.ig-rt",
            "aws_subnet.subnet1",
            "aws_vpc.main"
          ]
        }
      ]
    },
    {
      "mode": "managed",
      "type": "aws_route_table_association",
      "name": "assoc2",
      "provider": "provider.aws",
      "instances": [
        {
          "schema_version": 0,
          "attributes": {
            "gateway_id": null,
            "id": "rtbassoc-0e49a4b49de767478",
            "route_table_id": "rtb-0e4448f080e7245b7",
            "subnet_id": "subnet-0bf65a9e055ed6c84"
          },
          "private": "bnVsbA==",
          "dependencies": [
            "aws_internet_gateway.lavantru-ig",
            "aws_route_table.ig-rt",
            "aws_subnet.subnet3",
            "aws_vpc.main"
          ]
        }
      ]
    },
    {
      "mode": "managed",
      "type": "aws_subnet",
      "name": "subnet1",
      "provider": "provider.aws",
      "instances": [
        {
          "schema_version": 1,
          "attributes": {
            "arn": "arn:aws:ec2:eu-west-1:052960627260:subnet/subnet-0d3b5b8342f31466d",
            "assign_ipv6_address_on_creation": false,
            "availability_zone": "eu-west-1a",
            "availability_zone_id": "euw1-az3",
            "cidr_block": "10.0.1.0/24",
            "id": "subnet-0d3b5b8342f31466d",
            "ipv6_cidr_block": "",
            "ipv6_cidr_block_association_id": "",
            "map_public_ip_on_launch": false,
            "owner_id": "052960627260",
            "tags": {
              "Name": "pub-e1a"
            },
            "timeouts": null,
            "vpc_id": "vpc-099b225dd1517b324"
          },
          "private": "eyJlMmJmYjczMC1lY2FhLTExZTYtOGY4OC0zNDM2M2JjN2M0YzAiOnsiY3JlYXRlIjo2MDAwMDAwMDAwMDAsImRlbGV0ZSI6MTIwMDAwMDAwMDAwMH0sInNjaGVtYV92ZXJzaW9uIjoiMSJ9",
          "dependencies": [
            "aws_vpc.main"
          ]
        }
      ]
    },
    {
      "mode": "managed",
      "type": "aws_subnet",
      "name": "subnet2",
      "provider": "provider.aws",
      "instances": [
        {
          "schema_version": 1,
          "attributes": {
            "arn": "arn:aws:ec2:eu-west-1:052960627260:subnet/subnet-0a1b8f8f14f03dda6",
            "assign_ipv6_address_on_creation": false,
            "availability_zone": "eu-west-1a",
            "availability_zone_id": "euw1-az3",
            "cidr_block": "10.0.2.0/24",
            "id": "subnet-0a1b8f8f14f03dda6",
            "ipv6_cidr_block": "",
            "ipv6_cidr_block_association_id": "",
            "map_public_ip_on_launch": false,
            "owner_id": "052960627260",
            "tags": {
              "Name": "priv-e1a"
            },
            "timeouts": null,
            "vpc_id": "vpc-099b225dd1517b324"
          },
          "private": "eyJlMmJmYjczMC1lY2FhLTExZTYtOGY4OC0zNDM2M2JjN2M0YzAiOnsiY3JlYXRlIjo2MDAwMDAwMDAwMDAsImRlbGV0ZSI6MTIwMDAwMDAwMDAwMH0sInNjaGVtYV92ZXJzaW9uIjoiMSJ9",
          "dependencies": [
            "aws_vpc.main"
          ]
        }
      ]
    },
    {
      "mode": "managed",
      "type": "aws_subnet",
      "name": "subnet3",
      "provider": "provider.aws",
      "instances": [
        {
          "schema_version": 1,
          "attributes": {
            "arn": "arn:aws:ec2:eu-west-1:052960627260:subnet/subnet-0bf65a9e055ed6c84",
            "assign_ipv6_address_on_creation": false,
            "availability_zone": "eu-west-1b",
            "availability_zone_id": "euw1-az1",
            "cidr_block": "10.0.3.0/24",
            "id": "subnet-0bf65a9e055ed6c84",
            "ipv6_cidr_block": "",
            "ipv6_cidr_block_association_id": "",
            "map_public_ip_on_launch": false,
            "owner_id": "052960627260",
            "tags": {
              "Name": "pub-e1b"
            },
            "timeouts": null,
            "vpc_id": "vpc-099b225dd1517b324"
          },
          "private": "eyJlMmJmYjczMC1lY2FhLTExZTYtOGY4OC0zNDM2M2JjN2M0YzAiOnsiY3JlYXRlIjo2MDAwMDAwMDAwMDAsImRlbGV0ZSI6MTIwMDAwMDAwMDAwMH0sInNjaGVtYV92ZXJzaW9uIjoiMSJ9",
          "dependencies": [
            "aws_vpc.main"
          ]
        }
      ]
    },
    {
      "mode": "managed",
      "type": "aws_subnet",
      "name": "subnet4",
      "provider": "provider.aws",
      "instances": [
        {
          "schema_version": 1,
          "attributes": {
            "arn": "arn:aws:ec2:eu-west-1:052960627260:subnet/subnet-0589b645741631cb5",
            "assign_ipv6_address_on_creation": false,
            "availability_zone": "eu-west-1b",
            "availability_zone_id": "euw1-az1",
            "cidr_block": "10.0.4.0/24",
            "id": "subnet-0589b645741631cb5",
            "ipv6_cidr_block": "",
            "ipv6_cidr_block_association_id": "",
            "map_public_ip_on_launch": false,
            "owner_id": "052960627260",
            "tags": {
              "Name": "priv-e1b"
            },
            "timeouts": null,
            "vpc_id": "vpc-099b225dd1517b324"
          },
          "private": "eyJlMmJmYjczMC1lY2FhLTExZTYtOGY4OC0zNDM2M2JjN2M0YzAiOnsiY3JlYXRlIjo2MDAwMDAwMDAwMDAsImRlbGV0ZSI6MTIwMDAwMDAwMDAwMH0sInNjaGVtYV92ZXJzaW9uIjoiMSJ9",
          "dependencies": [
            "aws_vpc.main"
          ]
        }
      ]
    },
    {
      "mode": "managed",
      "type": "aws_vpc",
      "name": "main",
      "provider": "provider.aws",
      "instances": [
        {
          "schema_version": 1,
          "attributes": {
            "arn": "arn:aws:ec2:eu-west-1:052960627260:vpc/vpc-099b225dd1517b324",
            "assign_generated_ipv6_cidr_block": false,
            "cidr_block": "10.0.0.0/16",
            "default_network_acl_id": "acl-09b821c55d6d81317",
            "default_route_table_id": "rtb-00ca98aaa3baa7bf5",
            "default_security_group_id": "sg-0802d7788ecdd4d8a",
            "dhcp_options_id": "dopt-eaf4a08c",
            "enable_classiclink": false,
            "enable_classiclink_dns_support": false,
            "enable_dns_hostnames": false,
            "enable_dns_support": true,
            "id": "vpc-099b225dd1517b324",
            "instance_tenancy": "default",
            "ipv6_association_id": "",
            "ipv6_cidr_block": "",
            "main_route_table_id": "rtb-00ca98aaa3baa7bf5",
            "owner_id": "052960627260",
            "tags": {
              "Name": "LavanTru-vpc"
            }
          },
          "private": "eyJzY2hlbWFfdmVyc2lvbiI6IjEifQ=="
        }
      ]
    }
  ]
}
